
Microsoft Visual Studio Solution File, Format Version 11.00
# Visual Studio 2010
Project("{FAE04EC0-301F-11D3-BF4B-00C04F79EFBC}") = "AlienConverter", "AlienConverter\AlienConverter.csproj", "{6429B792-A9F1-4FE6-AA6B-0DBD5B26E5FD}"
EndProject
Global
	GlobalSection(SolutionConfigurationPlatforms) = preSolution
		Debug|x86 = Debug|x86
		Release|x86 = Release|x86
	EndGlobalSection
	GlobalSection(ProjectConfigurationPlatforms) = postSolution
		{6429B792-A9F1-4FE6-AA6B-0DBD5B26E5FD}.Debug|x86.ActiveCfg = Debug|x86
		{6429B792-A9F1-4FE6-AA6B-0DBD5B26E5FD}.Debug|x86.Build.0 = Debug|x86
		{6429B792-A9F1-4FE6-AA6B-0DBD5B26E5FD}.Release|x86.ActiveCfg = Release|x86
		{6429B792-A9F1-4FE6-AA6B-0DBD5B26E5FD}.Release|x86.Build.0 = Release|x86
	EndGlobalSection
	GlobalSection(SolutionProperties) = preSolution
		HideSolutionNode = FALSE
	EndGlobalSection
EndGlobal
